
Microsoft Visual Studio Solution File, Format Version 12.00
# Visual Studio Version 17
VisualStudioVersion = 17.11.35222.181
MinimumVisualStudioVersion = 10.0.40219.1
Project("{FAE04EC0-301F-11D3-BF4B-00C04F79EFBC}") = "Work with collections", "Work with collections\Work with collections.csproj", "{DE18C610-55C9-4462-8535-0CFB9B759BB5}"
EndProject
Project("{FAE04EC0-301F-11D3-BF4B-00C04F79EFBC}") = "Task1", "Task1\Task1.csproj", "{FAC02393-EB26-43A7-B6E8-7E8E19F1E002}"
EndProject
Project("{FAE04EC0-301F-11D3-BF4B-00C04F79EFBC}") = "Task3", "Task3\Task3.csproj", "{DB4CDDFE-BD46-474C-B8E5-6197F110A03F}"
EndProject
Project("{FAE04EC0-301F-11D3-BF4B-00C04F79EFBC}") = "Task2", "Task2\Task2.csproj", "{4B7B0999-3C6D-4CBA-A274-AFFD76086F05}"
EndProject
Global
	GlobalSection(SolutionConfigurationPlatforms) = preSolution
		Debug|Any CPU = Debug|Any CPU
		Release|Any CPU = Release|Any CPU
	EndGlobalSection
	GlobalSection(ProjectConfigurationPlatforms) = postSolution
		{DE18C610-55C9-4462-8535-0CFB9B759BB5}.Debug|Any CPU.ActiveCfg = Debug|Any CPU
		{DE18C610-55C9-4462-8535-0CFB9B759BB5}.Debug|Any CPU.Build.0 = Debug|Any CPU
		{DE18C610-55C9-4462-8535-0CFB9B759BB5}.Release|Any CPU.ActiveCfg = Release|Any CPU
		{DE18C610-55C9-4462-8535-0CFB9B759BB5}.Release|Any CPU.Build.0 = Release|Any CPU
		{FAC02393-EB26-43A7-B6E8-7E8E19F1E002}.Debug|Any CPU.ActiveCfg = Debug|Any CPU
		{FAC02393-EB26-43A7-B6E8-7E8E19F1E002}.Debug|Any CPU.Build.0 = Debug|Any CPU
		{FAC02393-EB26-43A7-B6E8-7E8E19F1E002}.Release|Any CPU.ActiveCfg = Release|Any CPU
		{FAC02393-EB26-43A7-B6E8-7E8E19F1E002}.Release|Any CPU.Build.0 = Release|Any CPU
		{DB4CDDFE-BD46-474C-B8E5-6197F110A03F}.Debug|Any CPU.ActiveCfg = Debug|Any CPU
		{DB4CDDFE-BD46-474C-B8E5-6197F110A03F}.Debug|Any CPU.Build.0 = Debug|Any CPU
		{DB4CDDFE-BD46-474C-B8E5-6197F110A03F}.Release|Any CPU.ActiveCfg = Release|Any CPU
		{DB4CDDFE-BD46-474C-B8E5-6197F110A03F}.Release|Any CPU.Build.0 = Release|Any CPU
		{4B7B0999-3C6D-4CBA-A274-AFFD76086F05}.Debug|Any CPU.ActiveCfg = Debug|Any CPU
		{4B7B0999-3C6D-4CBA-A274-AFFD76086F05}.Debug|Any CPU.Build.0 = Debug|Any CPU
		{4B7B0999-3C6D-4CBA-A274-AFFD76086F05}.Release|Any CPU.ActiveCfg = Release|Any CPU
		{4B7B0999-3C6D-4CBA-A274-AFFD76086F05}.Release|Any CPU.Build.0 = Release|Any CPU
	EndGlobalSection
	GlobalSection(SolutionProperties) = preSolution
		HideSolutionNode = FALSE
	EndGlobalSection
	GlobalSection(ExtensibilityGlobals) = postSolution
		SolutionGuid = {FA54A8D3-0ABE-4E07-85EB-FA6491E206B9}
	EndGlobalSection
EndGlobal
